
Microsoft Visual Studio Solution File, Format Version 12.00
# Visual Studio Version 17
VisualStudioVersion = 17.6.33723.286
MinimumVisualStudioVersion = 10.0.40219.1
Project("{8BC9CEB8-8B4A-11D0-8D11-00A0C91BC942}") = "16-6-Snake-pass", "16-6-Snake-pass\16-6-Snake-pass.vcxproj", "{CB5BC2EA-8C1B-4119-8820-4150F256791D}"
EndProject
Global
	GlobalSection(SolutionConfigurationPlatforms) = preSolution
		Debug|x64 = Debug|x64
		Debug|x86 = Debug|x86
		Release|x64 = Release|x64
		Release|x86 = Release|x86
	EndGlobalSection
	GlobalSection(ProjectConfigurationPlatforms) = postSolution
		{CB5BC2EA-8C1B-4119-8820-4150F256791D}.Debug|x64.ActiveCfg = Debug|x64
		{CB5BC2EA-8C1B-4119-8820-4150F256791D}.Debug|x64.Build.0 = Debug|x64
		{CB5BC2EA-8C1B-4119-8820-4150F256791D}.Debug|x86.ActiveCfg = Debug|Win32
		{CB5BC2EA-8C1B-4119-8820-4150F256791D}.Debug|x86.Build.0 = Debug|Win32
		{CB5BC2EA-8C1B-4119-8820-4150F256791D}.Release|x64.ActiveCfg = Release|x64
		{CB5BC2EA-8C1B-4119-8820-4150F256791D}.Release|x64.Build.0 = Release|x64
		{CB5BC2EA-8C1B-4119-8820-4150F256791D}.Release|x86.ActiveCfg = Release|Win32
		{CB5BC2EA-8C1B-4119-8820-4150F256791D}.Release|x86.Build.0 = Release|Win32
	EndGlobalSection
	GlobalSection(SolutionProperties) = preSolution
		HideSolutionNode = FALSE
	EndGlobalSection
	GlobalSection(ExtensibilityGlobals) = postSolution
		SolutionGuid = {FD230EBA-19AE-4794-A26A-641847A4336E}
	EndGlobalSection
EndGlobal
